
Microsoft Visual Studio Solution File, Format Version 12.00
# Visual Studio Version 17
VisualStudioVersion = 17.0.31903.59
MinimumVisualStudioVersion = 10.0.40219.1
Project("{FAE04EC0-301F-11D3-BF4B-00C04F79EFBC}") = "CascadeWindows", "CascadeWindows\CascadeWindows.csproj", "{70F94A8F-FC3F-4269-9564-F849148E719C}"
EndProject
Project("{B7DD6F7E-DEF8-4E67-B5B7-07EF123DB6F0}") = "Installer", "Installer\Installer.wixproj", "{FBE34432-1EAF-46DF-A9CB-C4DEB119ADE0}"
EndProject
Global
	GlobalSection(SolutionConfigurationPlatforms) = preSolution
		Debug|Any CPU = Debug|Any CPU
		Debug|x64 = Debug|x64
		Debug|x86 = Debug|x86
		Release|Any CPU = Release|Any CPU
		Release|x64 = Release|x64
		Release|x86 = Release|x86
	EndGlobalSection
	GlobalSection(ProjectConfigurationPlatforms) = postSolution
		{70F94A8F-FC3F-4269-9564-F849148E719C}.Debug|Any CPU.ActiveCfg = Debug|Any CPU
		{70F94A8F-FC3F-4269-9564-F849148E719C}.Debug|Any CPU.Build.0 = Debug|Any CPU
		{70F94A8F-FC3F-4269-9564-F849148E719C}.Debug|x64.ActiveCfg = Debug|Any CPU
		{70F94A8F-FC3F-4269-9564-F849148E719C}.Debug|x64.Build.0 = Debug|Any CPU
		{70F94A8F-FC3F-4269-9564-F849148E719C}.Debug|x86.ActiveCfg = Debug|Any CPU
		{70F94A8F-FC3F-4269-9564-F849148E719C}.Debug|x86.Build.0 = Debug|Any CPU
		{70F94A8F-FC3F-4269-9564-F849148E719C}.Release|Any CPU.ActiveCfg = Release|Any CPU
		{70F94A8F-FC3F-4269-9564-F849148E719C}.Release|Any CPU.Build.0 = Release|Any CPU
		{70F94A8F-FC3F-4269-9564-F849148E719C}.Release|x64.ActiveCfg = Release|Any CPU
		{70F94A8F-FC3F-4269-9564-F849148E719C}.Release|x64.Build.0 = Release|Any CPU
		{70F94A8F-FC3F-4269-9564-F849148E719C}.Release|x86.ActiveCfg = Release|Any CPU
		{70F94A8F-FC3F-4269-9564-F849148E719C}.Release|x86.Build.0 = Release|Any CPU
		{FBE34432-1EAF-46DF-A9CB-C4DEB119ADE0}.Debug|Any CPU.ActiveCfg = Debug|Any CPU
		{FBE34432-1EAF-46DF-A9CB-C4DEB119ADE0}.Debug|Any CPU.Build.0 = Debug|Any CPU
		{FBE34432-1EAF-46DF-A9CB-C4DEB119ADE0}.Debug|x64.ActiveCfg = Debug|Any CPU
		{FBE34432-1EAF-46DF-A9CB-C4DEB119ADE0}.Debug|x64.Build.0 = Debug|Any CPU
		{FBE34432-1EAF-46DF-A9CB-C4DEB119ADE0}.Debug|x86.ActiveCfg = Debug|Any CPU
		{FBE34432-1EAF-46DF-A9CB-C4DEB119ADE0}.Debug|x86.Build.0 = Debug|Any CPU
		{FBE34432-1EAF-46DF-A9CB-C4DEB119ADE0}.Release|Any CPU.ActiveCfg = Release|Any CPU
		{FBE34432-1EAF-46DF-A9CB-C4DEB119ADE0}.Release|Any CPU.Build.0 = Release|Any CPU
		{FBE34432-1EAF-46DF-A9CB-C4DEB119ADE0}.Release|x64.ActiveCfg = Release|Any CPU
		{FBE34432-1EAF-46DF-A9CB-C4DEB119ADE0}.Release|x64.Build.0 = Release|Any CPU
		{FBE34432-1EAF-46DF-A9CB-C4DEB119ADE0}.Release|x86.ActiveCfg = Release|Any CPU
		{FBE34432-1EAF-46DF-A9CB-C4DEB119ADE0}.Release|x86.Build.0 = Release|Any CPU
	EndGlobalSection
	GlobalSection(SolutionProperties) = preSolution
		HideSolutionNode = FALSE
	EndGlobalSection
EndGlobal
